// !$*UTF8*$!
{
	archiveVersion = 1;
	classes = {
	};
	objectVersion = 46;
	objects = {

/* Begin PBXBuildFile section */
		C1FEA0081CE8A11200EE1008 /* AppDelegate.swift in Sources */ = {isa = PBXBuildFile; fileRef = C1FEA0071CE8A11200EE1008 /* AppDelegate.swift */; };
		C1FEA00A1CE8A11200EE1008 /* ViewController.swift in Sources */ = {isa = PBXBuildFile; fileRef = C1FEA0091CE8A11200EE1008 /* ViewController.swift */; };
		C1FEA00D1CE8A11200EE1008 /* Main.storyboard in Resources */ = {isa = PBXBuildFile; fileRef = C1FEA00B1CE8A11200EE1008 /* Main.storyboard */; };
		C1FEA00F1CE8A11200EE1008 /* Assets.xcassets in Resources */ = {isa = PBXBuildFile; fileRef = C1FEA00E1CE8A11200EE1008 /* Assets.xcassets */; };
		C1FEA0121CE8A11200EE1008 /* LaunchScreen.storyboard in Resources */ = {isa = PBXBuildFile; fileRef = C1FEA0101CE8A11200EE1008 /* LaunchScreen.storyboard */; };
		C1FEA01A1CE8AD5900EE1008 /* ViewTouchController.swift in Sources */ = {isa = PBXBuildFile; fileRef = C1FEA0191CE8AD5900EE1008 /* ViewTouchController.swift */; };
		C1FEA01C1CE8AD7100EE1008 /* DrawTouchController.swift in Sources */ = {isa = PBXBuildFile; fileRef = C1FEA01B1CE8AD7100EE1008 /* DrawTouchController.swift */; };
/* End PBXBuildFile section */

/* Begin PBXFileReference section */
		C1FEA0041CE8A11200EE1008 /* 3DTouch.app */ = {isa = PBXFileReference; explicitFileType = wrapper.application; includeInIndex = 0; path = 3DTouch.app; sourceTree = BUILT_PRODUCTS_DIR; };
		C1FEA0071CE8A11200EE1008 /* AppDelegate.swift */ = {isa = PBXFileReference; lastKnownFileType = sourcecode.swift; path = AppDelegate.swift; sourceTree = "<group>"; };
		C1FEA0091CE8A11200EE1008 /* ViewController.swift */ = {isa = PBXFileReference; lastKnownFileType = sourcecode.swift; path = ViewController.swift; sourceTree = "<group>"; };
		C1FEA00C1CE8A11200EE1008 /* Base */ = {isa = PBXFileReference; lastKnownFileType = file.storyboard; name = Base; path = Base.lproj/Main.storyboard; sourceTree = "<group>"; };
		C1FEA00E1CE8A11200EE1008 /* Assets.xcassets */ = {isa = PBXFileReference; lastKnownFileType = folder.assetcatalog; path = Assets.xcassets; sourceTree = "<group>"; };
		C1FEA0111CE8A11200EE1008 /* Base */ = {isa = PBXFileReference; lastKnownFileType = file.storyboard; name = Base; path = Base.lproj/LaunchScreen.storyboard; sourceTree = "<group>"; };
		C1FEA0131CE8A11200EE1008 /* Info.plist */ = {isa = PBXFileReference; lastKnownFileType = text.plist.xml; path = Info.plist; sourceTree = "<group>"; };
		C1FEA0191CE8AD5900EE1008 /* ViewTouchController.swift */ = {isa = PBXFileReference; fileEncoding = 4; lastKnownFileType = sourcecode.swift; path = ViewTouchController.swift; sourceTree = "<group>"; };
		C1FEA01B1CE8AD7100EE1008 /* DrawTouchController.swift */ = {isa = PBXFileReference; fileEncoding = 4; lastKnownFileType = sourcecode.swift; path = DrawTouchController.swift; sourceTree = "<group>"; };
/* End PBXFileReference section */

/* Begin PBXFrameworksBuildPhase section */
		C1FEA0011CE8A11200EE1008 /* Frameworks */ = {
			isa = PBXFrameworksBuildPhase;
			buildActionMask = 2147483647;
			files = (
			);
			runOnlyForDeploymentPostprocessing = 0;
		};
/* End PBXFrameworksBuildPhase section */

/* Begin PBXGroup section */
		C1FE9FFB1CE8A11200EE1008 = {
			isa = PBXGroup;
			children = (
				C1FEA0061CE8A11200EE1008 /* 3DTouch */,
				C1FEA0051CE8A11200EE1008 /* Products */,
			);
			sourceTree = "<group>";
		};
		C1FEA0051CE8A11200EE1008 /* Products */ = {
			isa = PBXGroup;
			children = (
				C1FEA0041CE8A11200EE1008 /* 3DTouch.app */,
			);
			name = Products;
			sourceTree = "<group>";
		};
		C1FEA0061CE8A11200EE1008 /* 3DTouch */ = {
			isa = PBXGroup;
			children = (
				C1FEA0071CE8A11200EE1008 /* AppDelegate.swift */,
				C1FEA0091CE8A11200EE1008 /* ViewController.swift */,
				C1FEA0191CE8AD5900EE1008 /* ViewTouchController.swift */,
				C1FEA01B1CE8AD7100EE1008 /* DrawTouchController.swift */,
				C1FEA00B1CE8A11200EE1008 /* Main.storyboard */,
				C1FEA00E1CE8A11200EE1008 /* Assets.xcassets */,
				C1FEA0101CE8A11200EE1008 /* LaunchScreen.storyboard */,
				C1FEA0131CE8A11200EE1008 /* Info.plist */,
			);
			path = 3DTouch;
			sourceTree = "<group>";
		};
/* End PBXGroup section */

/* Begin PBXNativeTarget section */
		C1FEA0031CE8A11200EE1008 /* 3DTouch */ = {
			isa = PBXNativeTarget;
			buildConfigurationList = C1FEA0161CE8A11200EE1008 /* Build configuration list for PBXNativeTarget "3DTouch" */;
			buildPhases = (
				C1FEA0001CE8A11200EE1008 /* Sources */,
				C1FEA0011CE8A11200EE1008 /* Frameworks */,
				C1FEA0021CE8A11200EE1008 /* Resources */,
			);
			buildRules = (
			);
			dependencies = (
			);
			name = 3DTouch;
			productName = 3DTouch;
			productReference = C1FEA0041CE8A11200EE1008 /* 3DTouch.app */;
			productType = "com.apple.product-type.application";
		};
/* End PBXNativeTarget section */

/* Begin PBXProject section */
		C1FE9FFC1CE8A11200EE1008 /* Project object */ = {
			isa = PBXProject;
			attributes = {
				LastSwiftUpdateCheck = 0730;
				LastUpgradeCheck = 0730;
				ORGANIZATIONNAME = SnowCheng;
				TargetAttributes = {
					C1FEA0031CE8A11200EE1008 = {
						CreatedOnToolsVersion = 7.3;
					};
				};
			};
			buildConfigurationList = C1FE9FFF1CE8A11200EE1008 /* Build configuration list for PBXProject "3DTouch" */;
			compatibilityVersion = "Xcode 3.2";
			developmentRegion = English;
			hasScannedForEncodings = 0;
			knownRegions = (
				en,
				Base,
			);
			mainGroup = C1FE9FFB1CE8A11200EE1008;
			productRefGroup = C1FEA0051CE8A11200EE1008 /* Products */;
			projectDirPath = "";
			projectRoot = "";
			targets = (
				C1FEA0031CE8A11200EE1008 /* 3DTouch */,
			);
		};
/* End PBXProject section */

/* Begin PBXResourcesBuildPhase section */
		C1FEA0021CE8A11200EE1008 /* Resources */ = {
			isa = PBXResourcesBuildPhase;
			buildActionMask = 2147483647;
			files = (
				C1FEA0121CE8A11200EE1008 /* LaunchScreen.storyboard in Resources */,
				C1FEA00F1CE8A11200EE1008 /* Assets.xcassets in Resources */,
				C1FEA00D1CE8A11200EE1008 /* Main.storyboard in Resources */,
			);
			runOnlyForDeploymentPostprocessing = 0;
		};
/* End PBXResourcesBuildPhase section */

/* Begin PBXSourcesBuildPhase section */
		C1FEA0001CE8A11200EE1008 /* Sources */ = {
			isa = PBXSourcesBuildPhase;
			buildActionMask = 2147483647;
			files = (
				C1FEA01A1CE8AD5900EE1008 /* ViewTouchController.swift in Sources */,
				C1FEA01C1CE8AD7100EE1008 /* DrawTouchController.swift in Sources */,
				C1FEA00A1CE8A11200EE1008 /* ViewController.swift in Sources */,
				C1FEA0081CE8A11200EE1008 /* AppDelegate.swift in Sources */,
			);
			runOnlyForDeploymentPostprocessing = 0;
		};
/* End PBXSourcesBuildPhase section */

/* Begin PBXVariantGroup section */
		C1FEA00B1CE8A11200EE1008 /* Main.storyboard */ = {
			isa = PBXVariantGroup;
			children = (
				C1FEA00C1CE8A11200EE1008 /* Base */,
			);
			name = Main.storyboard;
			sourceTree = "<group>";
		};
		C1FEA0101CE8A11200EE1008 /* LaunchScreen.storyboard */ = {
			isa = PBXVariantGroup;
			children = (
				C1FEA0111CE8A11200EE1008 /* Base */,
			);
			name = LaunchScreen.storyboard;
			sourceTree = "<group>";
		};
/* End PBXVariantGroup section */

/* Begin XCBuildConfiguration section */
		C1FEA0141CE8A11200EE1008 /* Debug */ = {
			isa = XCBuildConfiguration;
			buildSettings = {
				ALWAYS_SEARCH_USER_PATHS = NO;
				CLANG_ANALYZER_NONNULL = YES;
				CLANG_CXX_LANGUAGE_STANDARD = "gnu++0x";
				CLANG_CXX_LIBRARY = "libc++";
				CLANG_ENABLE_MODULES = YES;
				CLANG_ENABLE_OBJC_ARC = YES;
				CLANG_WARN_BOOL_CONVERSION = YES;
				CLANG_WARN_CONSTANT_CONVERSION = YES;
				CLANG_WARN_DIRECT_OBJC_ISA_USAGE = YES_ERROR;
				CLANG_WARN_EMPTY_BODY = YES;
				CLANG_WARN_ENUM_CONVERSION = YES;
				CLANG_WARN_INT_CONVERSION = YES;
				CLANG_WARN_OBJC_ROOT_CLASS = YES_ERROR;
				CLANG_WARN_UNREACHABLE_CODE = YES;
				CLANG_WARN__DUPLICATE_METHOD_MATCH = YES;
				"CODE_SIGN_IDENTITY[sdk=iphoneos*]" = "iPhone Developer";
				COPY_PHASE_STRIP = NO;
				DEBUG_INFORMATION_FORMAT = dwarf;
				ENABLE_STRICT_OBJC_MSGSEND = YES;
				ENABLE_TESTABILITY = YES;
				GCC_C_LANGUAGE_STANDARD = gnu99;
				GCC_DYNAMIC_NO_PIC = NO;
				GCC_NO_COMMON_BLOCKS = YES;
				GCC_OPTIMIZATION_LEVEL = 0;
				GCC_PREPROCESSOR_DEFINITIONS = (
					"DEBUG=1",
					"$(inherited)",
				);
				GCC_WARN_64_TO_32_BIT_CONVERSION = YES;
				GCC_WARN_ABOUT_RETURN_TYPE = YES_ERROR;
				GCC_WARN_UNDECLARED_SELECTOR = YES;
				GCC_WARN_UNINITIALIZED_AUTOS = YES_AGGRESSIVE;
				GCC_WARN_UNUSED_FUNCTION = YES;
				GCC_WARN_UNUSED_VARIABLE = YES;
				IPHONEOS_DEPLOYMENT_TARGET = 9.3;
				MTL_ENABLE_DEBUG_INFO = YES;
				ONLY_ACTIVE_ARCH = YES;
				SDKROOT = iphoneos;
				SWIFT_OPTIMIZATION_LEVEL = "-Onone";
				TARGETED_DEVICE_FAMILY = "1,2";
			};
			name = Debug;
		};
		C1FEA0151CE8A11200EE1008 /* Release */ = {
			isa = XCBuildConfiguration;
			buildSettings = {
				ALWAYS_SEARCH_USER_PATHS = NO;
				CLANG_ANALYZER_NONNULL = YES;
				CLANG_CXX_LANGUAGE_STANDARD = "gnu++0x";
				CLANG_CXX_LIBRARY = "libc++";
				CLANG_ENABLE_MODULES = YES;
				CLANG_ENABLE_OBJC_ARC = YES;
				CLANG_WARN_BOOL_CONVERSION = YES;
				CLANG_WARN_CONSTANT_CONVERSION = YES;
				CLANG_WARN_DIRECT_OBJC_ISA_USAGE = YES_ERROR;
				CLANG_WARN_EMPTY_BODY = YES;
				CLANG_WARN_ENUM_CONVERSION = YES;
				CLANG_WARN_INT_CONVERSION = YES;
				CLANG_WARN_OBJC_ROOT_CLASS = YES_ERROR;
				CLANG_WARN_UNREACHABLE_CODE = YES;
				CLANG_WARN__DUPLICATE_METHOD_MATCH = YES;
				"CODE_SIGN_IDENTITY[sdk=iphoneos*]" = "iPhone Developer";
				COPY_PHASE_STRIP = NO;
				DEBUG_INFORMATION_FORMAT = "dwarf-with-dsym";
				ENABLE_NS_ASSERTIONS = NO;
				ENABLE_STRICT_OBJC_MSGSEND = YES;
				GCC_C_LANGUAGE_STANDARD = gnu99;
				GCC_NO_COMMON_BLOCKS = YES;
				GCC_WARN_64_TO_32_BIT_CONVERSION = YES;
				GCC_WARN_ABOUT_RETURN_TYPE = YES_ERROR;
				GCC_WARN_UNDECLARED_SELECTOR = YES;
				GCC_WARN_UNINITIALIZED_AUTOS = YES_AGGRESSIVE;
				GCC_WARN_UNUSED_FUNCTION = YES;
				GCC_WARN_UNUSED_VARIABLE = YES;
				IPHONEOS_DEPLOYMENT_TARGET = 9.3;
				MTL_ENABLE_DEBUG_INFO = NO;
				SDKROOT = iphoneos;
				TARGETED_DEVICE_FAMILY = "1,2";
				VALIDATE_PRODUCT = YES;
			};
			name = Release;
		};
		C1FEA0171CE8A11200EE1008 /* Debug */ = {
			isa = XCBuildConfiguration;
			buildSettings = {
				ASSETCATALOG_COMPILER_APPICON_NAME = AppIcon;
				INFOPLIST_FILE = 3DTouch/Info.plist;
				LD_RUNPATH_SEARCH_PATHS = "$(inherited) @executable_path/Frameworks";
				PRODUCT_BUNDLE_IDENTIFIER = "com.iyunxiao.-DTouch";
				PRODUCT_NAME = "$(TARGET_NAME)";
			};
			name = Debug;
		};
		C1FEA0181CE8A11200EE1008 /* Release */ = {
			isa = XCBuildConfiguration;
			buildSettings = {
				ASSETCATALOG_COMPILER_APPICON_NAME = AppIcon;
				INFOPLIST_FILE = 3DTouch/Info.plist;
				LD_RUNPATH_SEARCH_PATHS = "$(inherited) @executable_path/Frameworks";
				PRODUCT_BUNDLE_IDENTIFIER = "com.iyunxiao.-DTouch";
				PRODUCT_NAME = "$(TARGET_NAME)";
			};
			name = Release;
		};
/* End XCBuildConfiguration section */

/* Begin XCConfigurationList section */
		C1FE9FFF1CE8A11200EE1008 /* Build configuration list for PBXProject "3DTouch" */ = {
			isa = XCConfigurationList;
			buildConfigurations = (
				C1FEA0141CE8A11200EE1008 /* Debug */,
				C1FEA0151CE8A11200EE1008 /* Release */,
			);
			defaultConfigurationIsVisible = 0;
			defaultConfigurationName = Release;
		};
		C1FEA0161CE8A11200EE1008 /* Build configuration list for PBXNativeTarget "3DTouch" */ = {
			isa = XCConfigurationList;
			buildConfigurations = (
				C1FEA0171CE8A11200EE1008 /* Debug */,
				C1FEA0181CE8A11200EE1008 /* Release */,
			);
			defaultConfigurationIsVisible = 0;
		};
/* End XCConfigurationList section */
	};
	rootObject = C1FE9FFC1CE8A11200EE1008 /* Project object */;
}
